
Microsoft Visual Studio Solution File, Format Version 12.00
# Visual Studio Version 17
VisualStudioVersion = 17.4.33213.308
MinimumVisualStudioVersion = 10.0.40219.1
Project("{9A19103F-16F7-4668-BE54-9A1E7A4F7556}") = "comp584api", "comp584api.csproj", "{C508676C-F221-427A-9AA6-617663D737E1}"
EndProject
Project("{FAE04EC0-301F-11D3-BF4B-00C04F79EFBC}") = "WorldModel", "..\WorldModel\WorldModel.csproj", "{CD4C93FA-BE72-400F-B4FC-FEC984449E93}"
EndProject
Global
	GlobalSection(SolutionConfigurationPlatforms) = preSolution
		Debug|Any CPU = Debug|Any CPU
		Release|Any CPU = Release|Any CPU
	EndGlobalSection
	GlobalSection(ProjectConfigurationPlatforms) = postSolution
		{C508676C-F221-427A-9AA6-617663D737E1}.Debug|Any CPU.ActiveCfg = Debug|Any CPU
		{C508676C-F221-427A-9AA6-617663D737E1}.Debug|Any CPU.Build.0 = Debug|Any CPU
		{C508676C-F221-427A-9AA6-617663D737E1}.Release|Any CPU.ActiveCfg = Release|Any CPU
		{C508676C-F221-427A-9AA6-617663D737E1}.Release|Any CPU.Build.0 = Release|Any CPU
		{CD4C93FA-BE72-400F-B4FC-FEC984449E93}.Debug|Any CPU.ActiveCfg = Debug|Any CPU
		{CD4C93FA-BE72-400F-B4FC-FEC984449E93}.Debug|Any CPU.Build.0 = Debug|Any CPU
		{CD4C93FA-BE72-400F-B4FC-FEC984449E93}.Release|Any CPU.ActiveCfg = Release|Any CPU
		{CD4C93FA-BE72-400F-B4FC-FEC984449E93}.Release|Any CPU.Build.0 = Release|Any CPU
	EndGlobalSection
	GlobalSection(SolutionProperties) = preSolution
		HideSolutionNode = FALSE
	EndGlobalSection
	GlobalSection(ExtensibilityGlobals) = postSolution
		SolutionGuid = {2A7D3CC7-774A-4159-A033-7A5BA50C0C0A}
	EndGlobalSection
EndGlobal
